
Microsoft Visual Studio Solution File, Format Version 12.00
# Visual Studio 15
VisualStudioVersion = 15.0.27130.2027
MinimumVisualStudioVersion = 10.0.40219.1
Project("{FAE04EC0-301F-11D3-BF4B-00C04F79EFBC}") = "WebApplication1", "WebApplication1\WebApplication1.csproj", "{1113AC3A-E719-492B-924A-BC922F65572B}"
EndProject
Global
	GlobalSection(SolutionConfigurationPlatforms) = preSolution
		Debug|Any CPU = Debug|Any CPU
		Release|Any CPU = Release|Any CPU
	EndGlobalSection
	GlobalSection(ProjectConfigurationPlatforms) = postSolution
		{1113AC3A-E719-492B-924A-BC922F65572B}.Debug|Any CPU.ActiveCfg = Debug|Any CPU
		{1113AC3A-E719-492B-924A-BC922F65572B}.Debug|Any CPU.Build.0 = Debug|Any CPU
		{1113AC3A-E719-492B-924A-BC922F65572B}.Release|Any CPU.ActiveCfg = Release|Any CPU
		{1113AC3A-E719-492B-924A-BC922F65572B}.Release|Any CPU.Build.0 = Release|Any CPU
	EndGlobalSection
	GlobalSection(SolutionProperties) = preSolution
		HideSolutionNode = FALSE
	EndGlobalSection
	GlobalSection(ExtensibilityGlobals) = postSolution
		SolutionGuid = {08035FDC-4DFB-4111-A8E5-468A6DDE7AC7}
	EndGlobalSection
EndGlobal
